// !$*UTF8*$!
{
	archiveVersion = 1;
	classes = {
	};
	objectVersion = 46;
	objects = {

/* Begin PBXBuildFile section */
		AD0EB8A11BDE2D4700FD9A0E /* CustomAlbum.m in Sources */ = {isa = PBXBuildFile; fileRef = AD0EB8A01BDE2D4700FD9A0E /* CustomAlbum.m */; settings = {ASSET_TAGS = (); }; };
		AD6B62521BD792B700212C08 /* main.m in Sources */ = {isa = PBXBuildFile; fileRef = AD6B62511BD792B700212C08 /* main.m */; };
		AD6B62551BD792B700212C08 /* AppDelegate.m in Sources */ = {isa = PBXBuildFile; fileRef = AD6B62541BD792B700212C08 /* AppDelegate.m */; };
		AD6B62581BD792B700212C08 /* ViewController.m in Sources */ = {isa = PBXBuildFile; fileRef = AD6B62571BD792B700212C08 /* ViewController.m */; };
		AD6B625B1BD792B700212C08 /* Main.storyboard in Resources */ = {isa = PBXBuildFile; fileRef = AD6B62591BD792B700212C08 /* Main.storyboard */; };
		AD6B625D1BD792B700212C08 /* Assets.xcassets in Resources */ = {isa = PBXBuildFile; fileRef = AD6B625C1BD792B700212C08 /* Assets.xcassets */; };
		AD6B62601BD792B700212C08 /* LaunchScreen.storyboard in Resources */ = {isa = PBXBuildFile; fileRef = AD6B625E1BD792B700212C08 /* LaunchScreen.storyboard */; };
		AD6B626B1BD792B700212C08 /* CustomPhotoAlbumTests.m in Sources */ = {isa = PBXBuildFile; fileRef = AD6B626A1BD792B700212C08 /* CustomPhotoAlbumTests.m */; };
		AD6B62761BD792B700212C08 /* CustomPhotoAlbumUITests.m in Sources */ = {isa = PBXBuildFile; fileRef = AD6B62751BD792B700212C08 /* CustomPhotoAlbumUITests.m */; };
		AD6B62841BD7939400212C08 /* AssetsLibrary.framework in Frameworks */ = {isa = PBXBuildFile; fileRef = AD6B62831BD7939400212C08 /* AssetsLibrary.framework */; };
		AD6B62861BD793AC00212C08 /* CoreGraphics.framework in Frameworks */ = {isa = PBXBuildFile; fileRef = AD6B62851BD793AC00212C08 /* CoreGraphics.framework */; };
/* End PBXBuildFile section */

/* Begin PBXContainerItemProxy section */
		AD6B62671BD792B700212C08 /* PBXContainerItemProxy */ = {
			isa = PBXContainerItemProxy;
			containerPortal = AD6B62451BD792B700212C08 /* Project object */;
			proxyType = 1;
			remoteGlobalIDString = AD6B624C1BD792B700212C08;
			remoteInfo = CustomPhotoAlbum;
		};
		AD6B62721BD792B700212C08 /* PBXContainerItemProxy */ = {
			isa = PBXContainerItemProxy;
			containerPortal = AD6B62451BD792B700212C08 /* Project object */;
			proxyType = 1;
			remoteGlobalIDString = AD6B624C1BD792B700212C08;
			remoteInfo = CustomPhotoAlbum;
		};
/* End PBXContainerItemProxy section */

/* Begin PBXFileReference section */
		AD0EB89F1BDE2D4700FD9A0E /* CustomAlbum.h */ = {isa = PBXFileReference; fileEncoding = 4; lastKnownFileType = sourcecode.c.h; path = CustomAlbum.h; sourceTree = "<group>"; };
		AD0EB8A01BDE2D4700FD9A0E /* CustomAlbum.m */ = {isa = PBXFileReference; fileEncoding = 4; lastKnownFileType = sourcecode.c.objc; path = CustomAlbum.m; sourceTree = "<group>"; };
		AD6B624D1BD792B700212C08 /* CustomPhotoAlbum.app */ = {isa = PBXFileReference; explicitFileType = wrapper.application; includeInIndex = 0; path = CustomPhotoAlbum.app; sourceTree = BUILT_PRODUCTS_DIR; };
		AD6B62511BD792B700212C08 /* main.m */ = {isa = PBXFileReference; lastKnownFileType = sourcecode.c.objc; path = main.m; sourceTree = "<group>"; };
		AD6B62531BD792B700212C08 /* AppDelegate.h */ = {isa = PBXFileReference; lastKnownFileType = sourcecode.c.h; path = AppDelegate.h; sourceTree = "<group>"; };
		AD6B62541BD792B700212C08 /* AppDelegate.m */ = {isa = PBXFileReference; lastKnownFileType = sourcecode.c.objc; path = AppDelegate.m; sourceTree = "<group>"; };
		AD6B62561BD792B700212C08 /* ViewController.h */ = {isa = PBXFileReference; lastKnownFileType = sourcecode.c.h; path = ViewController.h; sourceTree = "<group>"; };
		AD6B62571BD792B700212C08 /* ViewController.m */ = {isa = PBXFileReference; lastKnownFileType = sourcecode.c.objc; path = ViewController.m; sourceTree = "<group>"; };
		AD6B625A1BD792B700212C08 /* Base */ = {isa = PBXFileReference; lastKnownFileType = file.storyboard; name = Base; path = Base.lproj/Main.storyboard; sourceTree = "<group>"; };
		AD6B625C1BD792B700212C08 /* Assets.xcassets */ = {isa = PBXFileReference; lastKnownFileType = folder.assetcatalog; path = Assets.xcassets; sourceTree = "<group>"; };
		AD6B625F1BD792B700212C08 /* Base */ = {isa = PBXFileReference; lastKnownFileType = file.storyboard; name = Base; path = Base.lproj/LaunchScreen.storyboard; sourceTree = "<group>"; };
		AD6B62611BD792B700212C08 /* Info.plist */ = {isa = PBXFileReference; lastKnownFileType = text.plist.xml; path = Info.plist; sourceTree = "<group>"; };
		AD6B62661BD792B700212C08 /* CustomPhotoAlbumTests.xctest */ = {isa = PBXFileReference; explicitFileType = wrapper.cfbundle; includeInIndex = 0; path = CustomPhotoAlbumTests.xctest; sourceTree = BUILT_PRODUCTS_DIR; };
		AD6B626A1BD792B700212C08 /* CustomPhotoAlbumTests.m */ = {isa = PBXFileReference; lastKnownFileType = sourcecode.c.objc; path = CustomPhotoAlbumTests.m; sourceTree = "<group>"; };
		AD6B626C1BD792B700212C08 /* Info.plist */ = {isa = PBXFileReference; lastKnownFileType = text.plist.xml; path = Info.plist; sourceTree = "<group>"; };
		AD6B62711BD792B700212C08 /* CustomPhotoAlbumUITests.xctest */ = {isa = PBXFileReference; explicitFileType = wrapper.cfbundle; includeInIndex = 0; path = CustomPhotoAlbumUITests.xctest; sourceTree = BUILT_PRODUCTS_DIR; };
		AD6B62751BD792B700212C08 /* CustomPhotoAlbumUITests.m */ = {isa = PBXFileReference; lastKnownFileType = sourcecode.c.objc; path = CustomPhotoAlbumUITests.m; sourceTree = "<group>"; };
		AD6B62771BD792B700212C08 /* Info.plist */ = {isa = PBXFileReference; lastKnownFileType = text.plist.xml; path = Info.plist; sourceTree = "<group>"; };
		AD6B62831BD7939400212C08 /* AssetsLibrary.framework */ = {isa = PBXFileReference; lastKnownFileType = wrapper.framework; name = AssetsLibrary.framework; path = System/Library/Frameworks/AssetsLibrary.framework; sourceTree = SDKROOT; };
		AD6B62851BD793AC00212C08 /* CoreGraphics.framework */ = {isa = PBXFileReference; lastKnownFileType = wrapper.framework; name = CoreGraphics.framework; path = System/Library/Frameworks/CoreGraphics.framework; sourceTree = SDKROOT; };
/* End PBXFileReference section */

/* Begin PBXFrameworksBuildPhase section */
		AD6B624A1BD792B700212C08 /* Frameworks */ = {
			isa = PBXFrameworksBuildPhase;
			buildActionMask = 2147483647;
			files = (
				AD6B62861BD793AC00212C08 /* CoreGraphics.framework in Frameworks */,
				AD6B62841BD7939400212C08 /* AssetsLibrary.framework in Frameworks */,
			);
			runOnlyForDeploymentPostprocessing = 0;
		};
		AD6B62631BD792B700212C08 /* Frameworks */ = {
			isa = PBXFrameworksBuildPhase;
			buildActionMask = 2147483647;
			files = (
			);
			runOnlyForDeploymentPostprocessing = 0;
		};
		AD6B626E1BD792B700212C08 /* Frameworks */ = {
			isa = PBXFrameworksBuildPhase;
			buildActionMask = 2147483647;
			files = (
			);
			runOnlyForDeploymentPostprocessing = 0;
		};
/* End PBXFrameworksBuildPhase section */

/* Begin PBXGroup section */
		AD0EB89E1BDE2D1800FD9A0E /* CustomAlbum */ = {
			isa = PBXGroup;
			children = (
				AD0EB89F1BDE2D4700FD9A0E /* CustomAlbum.h */,
				AD0EB8A01BDE2D4700FD9A0E /* CustomAlbum.m */,
			);
			name = CustomAlbum;
			sourceTree = "<group>";
		};
		AD6B62441BD792B700212C08 = {
			isa = PBXGroup;
			children = (
				AD6B62851BD793AC00212C08 /* CoreGraphics.framework */,
				AD6B62831BD7939400212C08 /* AssetsLibrary.framework */,
				AD6B624F1BD792B700212C08 /* CustomPhotoAlbum */,
				AD6B62691BD792B700212C08 /* CustomPhotoAlbumTests */,
				AD6B62741BD792B700212C08 /* CustomPhotoAlbumUITests */,
				AD6B624E1BD792B700212C08 /* Products */,
			);
			sourceTree = "<group>";
		};
		AD6B624E1BD792B700212C08 /* Products */ = {
			isa = PBXGroup;
			children = (
				AD6B624D1BD792B700212C08 /* CustomPhotoAlbum.app */,
				AD6B62661BD792B700212C08 /* CustomPhotoAlbumTests.xctest */,
				AD6B62711BD792B700212C08 /* CustomPhotoAlbumUITests.xctest */,
			);
			name = Products;
			sourceTree = "<group>";
		};
		AD6B624F1BD792B700212C08 /* CustomPhotoAlbum */ = {
			isa = PBXGroup;
			children = (
				AD0EB89E1BDE2D1800FD9A0E /* CustomAlbum */,
				AD6B62531BD792B700212C08 /* AppDelegate.h */,
				AD6B62541BD792B700212C08 /* AppDelegate.m */,
				AD6B62561BD792B700212C08 /* ViewController.h */,
				AD6B62571BD792B700212C08 /* ViewController.m */,
				AD6B62591BD792B700212C08 /* Main.storyboard */,
				AD6B625C1BD792B700212C08 /* Assets.xcassets */,
				AD6B625E1BD792B700212C08 /* LaunchScreen.storyboard */,
				AD6B62611BD792B700212C08 /* Info.plist */,
				AD6B62501BD792B700212C08 /* Supporting Files */,
			);
			path = CustomPhotoAlbum;
			sourceTree = "<group>";
		};
		AD6B62501BD792B700212C08 /* Supporting Files */ = {
			isa = PBXGroup;
			children = (
				AD6B62511BD792B700212C08 /* main.m */,
			);
			name = "Supporting Files";
			sourceTree = "<group>";
		};
		AD6B62691BD792B700212C08 /* CustomPhotoAlbumTests */ = {
			isa = PBXGroup;
			children = (
				AD6B626A1BD792B700212C08 /* CustomPhotoAlbumTests.m */,
				AD6B626C1BD792B700212C08 /* Info.plist */,
			);
			path = CustomPhotoAlbumTests;
			sourceTree = "<group>";
		};
		AD6B62741BD792B700212C08 /* CustomPhotoAlbumUITests */ = {
			isa = PBXGroup;
			children = (
				AD6B62751BD792B700212C08 /* CustomPhotoAlbumUITests.m */,
				AD6B62771BD792B700212C08 /* Info.plist */,
			);
			path = CustomPhotoAlbumUITests;
			sourceTree = "<group>";
		};
/* End PBXGroup section */

/* Begin PBXNativeTarget section */
		AD6B624C1BD792B700212C08 /* CustomPhotoAlbum */ = {
			isa = PBXNativeTarget;
			buildConfigurationList = AD6B627A1BD792B700212C08 /* Build configuration list for PBXNativeTarget "CustomPhotoAlbum" */;
			buildPhases = (
				AD6B62491BD792B700212C08 /* Sources */,
				AD6B624A1BD792B700212C08 /* Frameworks */,
				AD6B624B1BD792B700212C08 /* Resources */,
			);
			buildRules = (
			);
			dependencies = (
			);
			name = CustomPhotoAlbum;
			productName = CustomPhotoAlbum;
			productReference = AD6B624D1BD792B700212C08 /* CustomPhotoAlbum.app */;
			productType = "com.apple.product-type.application";
		};
		AD6B62651BD792B700212C08 /* CustomPhotoAlbumTests */ = {
			isa = PBXNativeTarget;
			buildConfigurationList = AD6B627D1BD792B700212C08 /* Build configuration list for PBXNativeTarget "CustomPhotoAlbumTests" */;
			buildPhases = (
				AD6B62621BD792B700212C08 /* Sources */,
				AD6B62631BD792B700212C08 /* Frameworks */,
				AD6B62641BD792B700212C08 /* Resources */,
			);
			buildRules = (
			);
			dependencies = (
				AD6B62681BD792B700212C08 /* PBXTargetDependency */,
			);
			name = CustomPhotoAlbumTests;
			productName = CustomPhotoAlbumTests;
			productReference = AD6B62661BD792B700212C08 /* CustomPhotoAlbumTests.xctest */;
			productType = "com.apple.product-type.bundle.unit-test";
		};
		AD6B62701BD792B700212C08 /* CustomPhotoAlbumUITests */ = {
			isa = PBXNativeTarget;
			buildConfigurationList = AD6B62801BD792B700212C08 /* Build configuration list for PBXNativeTarget "CustomPhotoAlbumUITests" */;
			buildPhases = (
				AD6B626D1BD792B700212C08 /* Sources */,
				AD6B626E1BD792B700212C08 /* Frameworks */,
				AD6B626F1BD792B700212C08 /* Resources */,
			);
			buildRules = (
			);
			dependencies = (
				AD6B62731BD792B700212C08 /* PBXTargetDependency */,
			);
			name = CustomPhotoAlbumUITests;
			productName = CustomPhotoAlbumUITests;
			productReference = AD6B62711BD792B700212C08 /* CustomPhotoAlbumUITests.xctest */;
			productType = "com.apple.product-type.bundle.ui-testing";
		};
/* End PBXNativeTarget section */

/* Begin PBXProject section */
		AD6B62451BD792B700212C08 /* Project object */ = {
			isa = PBXProject;
			attributes = {
				LastUpgradeCheck = 0700;
				ORGANIZATIONNAME = CodeSkip;
				TargetAttributes = {
					AD6B624C1BD792B700212C08 = {
						CreatedOnToolsVersion = 7.0;
					};
					AD6B62651BD792B700212C08 = {
						CreatedOnToolsVersion = 7.0;
						TestTargetID = AD6B624C1BD792B700212C08;
					};
					AD6B62701BD792B700212C08 = {
						CreatedOnToolsVersion = 7.0;
						TestTargetID = AD6B624C1BD792B700212C08;
					};
				};
			};
			buildConfigurationList = AD6B62481BD792B700212C08 /* Build configuration list for PBXProject "CustomPhotoAlbum" */;
			compatibilityVersion = "Xcode 3.2";
			developmentRegion = English;
			hasScannedForEncodings = 0;
			knownRegions = (
				en,
				Base,
			);
			mainGroup = AD6B62441BD792B700212C08;
			productRefGroup = AD6B624E1BD792B700212C08 /* Products */;
			projectDirPath = "";
			projectRoot = "";
			targets = (
				AD6B624C1BD792B700212C08 /* CustomPhotoAlbum */,
				AD6B62651BD792B700212C08 /* CustomPhotoAlbumTests */,
				AD6B62701BD792B700212C08 /* CustomPhotoAlbumUITests */,
			);
		};
/* End PBXProject section */

/* Begin PBXResourcesBuildPhase section */
		AD6B624B1BD792B700212C08 /* Resources */ = {
			isa = PBXResourcesBuildPhase;
			buildActionMask = 2147483647;
			files = (
				AD6B62601BD792B700212C08 /* LaunchScreen.storyboard in Resources */,
				AD6B625D1BD792B700212C08 /* Assets.xcassets in Resources */,
				AD6B625B1BD792B700212C08 /* Main.storyboard in Resources */,
			);
			runOnlyForDeploymentPostprocessing = 0;
		};
		AD6B62641BD792B700212C08 /* Resources */ = {
			isa = PBXResourcesBuildPhase;
			buildActionMask = 2147483647;
			files = (
			);
			runOnlyForDeploymentPostprocessing = 0;
		};
		AD6B626F1BD792B700212C08 /* Resources */ = {
			isa = PBXResourcesBuildPhase;
			buildActionMask = 2147483647;
			files = (
			);
			runOnlyForDeploymentPostprocessing = 0;
		};
/* End PBXResourcesBuildPhase section */

/* Begin PBXSourcesBuildPhase section */
		AD6B62491BD792B700212C08 /* Sources */ = {
			isa = PBXSourcesBuildPhase;
			buildActionMask = 2147483647;
			files = (
				AD0EB8A11BDE2D4700FD9A0E /* CustomAlbum.m in Sources */,
				AD6B62581BD792B700212C08 /* ViewController.m in Sources */,
				AD6B62551BD792B700212C08 /* AppDelegate.m in Sources */,
				AD6B62521BD792B700212C08 /* main.m in Sources */,
			);
			runOnlyForDeploymentPostprocessing = 0;
		};
		AD6B62621BD792B700212C08 /* Sources */ = {
			isa = PBXSourcesBuildPhase;
			buildActionMask = 2147483647;
			files = (
				AD6B626B1BD792B700212C08 /* CustomPhotoAlbumTests.m in Sources */,
			);
			runOnlyForDeploymentPostprocessing = 0;
		};
		AD6B626D1BD792B700212C08 /* Sources */ = {
			isa = PBXSourcesBuildPhase;
			buildActionMask = 2147483647;
			files = (
				AD6B62761BD792B700212C08 /* CustomPhotoAlbumUITests.m in Sources */,
			);
			runOnlyForDeploymentPostprocessing = 0;
		};
/* End PBXSourcesBuildPhase section */

/* Begin PBXTargetDependency section */
		AD6B62681BD792B700212C08 /* PBXTargetDependency */ = {
			isa = PBXTargetDependency;
			target = AD6B624C1BD792B700212C08 /* CustomPhotoAlbum */;
			targetProxy = AD6B62671BD792B700212C08 /* PBXContainerItemProxy */;
		};
		AD6B62731BD792B700212C08 /* PBXTargetDependency */ = {
			isa = PBXTargetDependency;
			target = AD6B624C1BD792B700212C08 /* CustomPhotoAlbum */;
			targetProxy = AD6B62721BD792B700212C08 /* PBXContainerItemProxy */;
		};
/* End PBXTargetDependency section */

/* Begin PBXVariantGroup section */
		AD6B62591BD792B700212C08 /* Main.storyboard */ = {
			isa = PBXVariantGroup;
			children = (
				AD6B625A1BD792B700212C08 /* Base */,
			);
			name = Main.storyboard;
			sourceTree = "<group>";
		};
		AD6B625E1BD792B700212C08 /* LaunchScreen.storyboard */ = {
			isa = PBXVariantGroup;
			children = (
				AD6B625F1BD792B700212C08 /* Base */,
			);
			name = LaunchScreen.storyboard;
			sourceTree = "<group>";
		};
/* End PBXVariantGroup section */

/* Begin XCBuildConfiguration section */
		AD6B62781BD792B700212C08 /* Debug */ = {
			isa = XCBuildConfiguration;
			buildSettings = {
				ALWAYS_SEARCH_USER_PATHS = NO;
				CLANG_CXX_LANGUAGE_STANDARD = "gnu++0x";
				CLANG_CXX_LIBRARY = "libc++";
				CLANG_ENABLE_MODULES = YES;
				CLANG_ENABLE_OBJC_ARC = YES;
				CLANG_WARN_BOOL_CONVERSION = YES;
				CLANG_WARN_CONSTANT_CONVERSION = YES;
				CLANG_WARN_DIRECT_OBJC_ISA_USAGE = YES_ERROR;
				CLANG_WARN_EMPTY_BODY = YES;
				CLANG_WARN_ENUM_CONVERSION = YES;
				CLANG_WARN_INT_CONVERSION = YES;
				CLANG_WARN_OBJC_ROOT_CLASS = YES_ERROR;
				CLANG_WARN_UNREACHABLE_CODE = YES;
				CLANG_WARN__DUPLICATE_METHOD_MATCH = YES;
				"CODE_SIGN_IDENTITY[sdk=iphoneos*]" = "iPhone Developer";
				COPY_PHASE_STRIP = NO;
				DEBUG_INFORMATION_FORMAT = dwarf;
				ENABLE_STRICT_OBJC_MSGSEND = YES;
				ENABLE_TESTABILITY = YES;
				GCC_C_LANGUAGE_STANDARD = gnu99;
				GCC_DYNAMIC_NO_PIC = NO;
				GCC_NO_COMMON_BLOCKS = YES;
				GCC_OPTIMIZATION_LEVEL = 0;
				GCC_PREPROCESSOR_DEFINITIONS = (
					"DEBUG=1",
					"$(inherited)",
				);
				GCC_WARN_64_TO_32_BIT_CONVERSION = YES;
				GCC_WARN_ABOUT_RETURN_TYPE = YES_ERROR;
				GCC_WARN_UNDECLARED_SELECTOR = YES;
				GCC_WARN_UNINITIALIZED_AUTOS = YES_AGGRESSIVE;
				GCC_WARN_UNUSED_FUNCTION = YES;
				GCC_WARN_UNUSED_VARIABLE = YES;
				IPHONEOS_DEPLOYMENT_TARGET = 9.0;
				MTL_ENABLE_DEBUG_INFO = YES;
				ONLY_ACTIVE_ARCH = YES;
				SDKROOT = iphoneos;
				TARGETED_DEVICE_FAMILY = "1,2";
			};
			name = Debug;
		};
		AD6B62791BD792B700212C08 /* Release */ = {
			isa = XCBuildConfiguration;
			buildSettings = {
				ALWAYS_SEARCH_USER_PATHS = NO;
				CLANG_CXX_LANGUAGE_STANDARD = "gnu++0x";
				CLANG_CXX_LIBRARY = "libc++";
				CLANG_ENABLE_MODULES = YES;
				CLANG_ENABLE_OBJC_ARC = YES;
				CLANG_WARN_BOOL_CONVERSION = YES;
				CLANG_WARN_CONSTANT_CONVERSION = YES;
				CLANG_WARN_DIRECT_OBJC_ISA_USAGE = YES_ERROR;
				CLANG_WARN_EMPTY_BODY = YES;
				CLANG_WARN_ENUM_CONVERSION = YES;
				CLANG_WARN_INT_CONVERSION = YES;
				CLANG_WARN_OBJC_ROOT_CLASS = YES_ERROR;
				CLANG_WARN_UNREACHABLE_CODE = YES;
				CLANG_WARN__DUPLICATE_METHOD_MATCH = YES;
				"CODE_SIGN_IDENTITY[sdk=iphoneos*]" = "iPhone Developer";
				COPY_PHASE_STRIP = NO;
				DEBUG_INFORMATION_FORMAT = "dwarf-with-dsym";
				ENABLE_NS_ASSERTIONS = NO;
				ENABLE_STRICT_OBJC_MSGSEND = YES;
				GCC_C_LANGUAGE_STANDARD = gnu99;
				GCC_NO_COMMON_BLOCKS = YES;
				GCC_WARN_64_TO_32_BIT_CONVERSION = YES;
				GCC_WARN_ABOUT_RETURN_TYPE = YES_ERROR;
				GCC_WARN_UNDECLARED_SELECTOR = YES;
				GCC_WARN_UNINITIALIZED_AUTOS = YES_AGGRESSIVE;
				GCC_WARN_UNUSED_FUNCTION = YES;
				GCC_WARN_UNUSED_VARIABLE = YES;
				IPHONEOS_DEPLOYMENT_TARGET = 9.0;
				MTL_ENABLE_DEBUG_INFO = NO;
				SDKROOT = iphoneos;
				TARGETED_DEVICE_FAMILY = "1,2";
				VALIDATE_PRODUCT = YES;
			};
			name = Release;
		};
		AD6B627B1BD792B700212C08 /* Debug */ = {
			isa = XCBuildConfiguration;
			buildSettings = {
				ASSETCATALOG_COMPILER_APPICON_NAME = AppIcon;
				INFOPLIST_FILE = CustomPhotoAlbum/Info.plist;
				LD_RUNPATH_SEARCH_PATHS = "$(inherited) @executable_path/Frameworks";
				PRODUCT_BUNDLE_IDENTIFIER = cSkip.CustomPhotoAlbum;
				PRODUCT_NAME = "$(TARGET_NAME)";
			};
			name = Debug;
		};
		AD6B627C1BD792B700212C08 /* Release */ = {
			isa = XCBuildConfiguration;
			buildSettings = {
				ASSETCATALOG_COMPILER_APPICON_NAME = AppIcon;
				INFOPLIST_FILE = CustomPhotoAlbum/Info.plist;
				LD_RUNPATH_SEARCH_PATHS = "$(inherited) @executable_path/Frameworks";
				PRODUCT_BUNDLE_IDENTIFIER = cSkip.CustomPhotoAlbum;
				PRODUCT_NAME = "$(TARGET_NAME)";
			};
			name = Release;
		};
		AD6B627E1BD792B700212C08 /* Debug */ = {
			isa = XCBuildConfiguration;
			buildSettings = {
				BUNDLE_LOADER = "$(TEST_HOST)";
				INFOPLIST_FILE = CustomPhotoAlbumTests/Info.plist;
				LD_RUNPATH_SEARCH_PATHS = "$(inherited) @executable_path/Frameworks @loader_path/Frameworks";
				PRODUCT_BUNDLE_IDENTIFIER = cSkip.CustomPhotoAlbumTests;
				PRODUCT_NAME = "$(TARGET_NAME)";
				TEST_HOST = "$(BUILT_PRODUCTS_DIR)/CustomPhotoAlbum.app/CustomPhotoAlbum";
			};
			name = Debug;
		};
		AD6B627F1BD792B700212C08 /* Release */ = {
			isa = XCBuildConfiguration;
			buildSettings = {
				BUNDLE_LOADER = "$(TEST_HOST)";
				INFOPLIST_FILE = CustomPhotoAlbumTests/Info.plist;
				LD_RUNPATH_SEARCH_PATHS = "$(inherited) @executable_path/Frameworks @loader_path/Frameworks";
				PRODUCT_BUNDLE_IDENTIFIER = cSkip.CustomPhotoAlbumTests;
				PRODUCT_NAME = "$(TARGET_NAME)";
				TEST_HOST = "$(BUILT_PRODUCTS_DIR)/CustomPhotoAlbum.app/CustomPhotoAlbum";
			};
			name = Release;
		};
		AD6B62811BD792B700212C08 /* Debug */ = {
			isa = XCBuildConfiguration;
			buildSettings = {
				INFOPLIST_FILE = CustomPhotoAlbumUITests/Info.plist;
				LD_RUNPATH_SEARCH_PATHS = "$(inherited) @executable_path/Frameworks @loader_path/Frameworks";
				PRODUCT_BUNDLE_IDENTIFIER = cSkip.CustomPhotoAlbumUITests;
				PRODUCT_NAME = "$(TARGET_NAME)";
				TEST_TARGET_NAME = CustomPhotoAlbum;
				USES_XCTRUNNER = YES;
			};
			name = Debug;
		};
		AD6B62821BD792B700212C08 /* Release */ = {
			isa = XCBuildConfiguration;
			buildSettings = {
				INFOPLIST_FILE = CustomPhotoAlbumUITests/Info.plist;
				LD_RUNPATH_SEARCH_PATHS = "$(inherited) @executable_path/Frameworks @loader_path/Frameworks";
				PRODUCT_BUNDLE_IDENTIFIER = cSkip.CustomPhotoAlbumUITests;
				PRODUCT_NAME = "$(TARGET_NAME)";
				TEST_TARGET_NAME = CustomPhotoAlbum;
				USES_XCTRUNNER = YES;
			};
			name = Release;
		};
/* End XCBuildConfiguration section */

/* Begin XCConfigurationList section */
		AD6B62481BD792B700212C08 /* Build configuration list for PBXProject "CustomPhotoAlbum" */ = {
			isa = XCConfigurationList;
			buildConfigurations = (
				AD6B62781BD792B700212C08 /* Debug */,
				AD6B62791BD792B700212C08 /* Release */,
			);
			defaultConfigurationIsVisible = 0;
			defaultConfigurationName = Release;
		};
		AD6B627A1BD792B700212C08 /* Build configuration list for PBXNativeTarget "CustomPhotoAlbum" */ = {
			isa = XCConfigurationList;
			buildConfigurations = (
				AD6B627B1BD792B700212C08 /* Debug */,
				AD6B627C1BD792B700212C08 /* Release */,
			);
			defaultConfigurationIsVisible = 0;
			defaultConfigurationName = Release;
		};
		AD6B627D1BD792B700212C08 /* Build configuration list for PBXNativeTarget "CustomPhotoAlbumTests" */ = {
			isa = XCConfigurationList;
			buildConfigurations = (
				AD6B627E1BD792B700212C08 /* Debug */,
				AD6B627F1BD792B700212C08 /* Release */,
			);
			defaultConfigurationIsVisible = 0;
			defaultConfigurationName = Release;
		};
		AD6B62801BD792B700212C08 /* Build configuration list for PBXNativeTarget "CustomPhotoAlbumUITests" */ = {
			isa = XCConfigurationList;
			buildConfigurations = (
				AD6B62811BD792B700212C08 /* Debug */,
				AD6B62821BD792B700212C08 /* Release */,
			);
			defaultConfigurationIsVisible = 0;
			defaultConfigurationName = Release;
		};
/* End XCConfigurationList section */
	};
	rootObject = AD6B62451BD792B700212C08 /* Project object */;
}
